
Microsoft Visual Studio Solution File, Format Version 12.00
# Visual Studio Version 17
VisualStudioVersion = 17.8.34330.188
MinimumVisualStudioVersion = 10.0.40219.1
Project("{FAE04EC0-301F-11D3-BF4B-00C04F79EFBC}") = "FindTemp", "FindTemp\FindTemp.csproj", "{2507B857-54F1-4B1B-B0CD-03E74F7D4626}"
EndProject
Global
	GlobalSection(SolutionConfigurationPlatforms) = preSolution
		Debug|Any CPU = Debug|Any CPU
		Release|Any CPU = Release|Any CPU
	EndGlobalSection
	GlobalSection(ProjectConfigurationPlatforms) = postSolution
		{2507B857-54F1-4B1B-B0CD-03E74F7D4626}.Debug|Any CPU.ActiveCfg = Debug|Any CPU
		{2507B857-54F1-4B1B-B0CD-03E74F7D4626}.Debug|Any CPU.Build.0 = Debug|Any CPU
		{2507B857-54F1-4B1B-B0CD-03E74F7D4626}.Release|Any CPU.ActiveCfg = Release|Any CPU
		{2507B857-54F1-4B1B-B0CD-03E74F7D4626}.Release|Any CPU.Build.0 = Release|Any CPU
	EndGlobalSection
	GlobalSection(SolutionProperties) = preSolution
		HideSolutionNode = FALSE
	EndGlobalSection
	GlobalSection(ExtensibilityGlobals) = postSolution
		SolutionGuid = {F2B7542C-B0C3-43F4-ADD1-B5DD3C9CB8C0}
	EndGlobalSection
EndGlobal
